
Microsoft Visual Studio Solution File, Format Version 12.00
# Visual Studio Version 16
VisualStudioVersion = 16.0.31321.278
MinimumVisualStudioVersion = 10.0.40219.1
Project("{FAE04EC0-301F-11D3-BF4B-00C04F79EFBC}") = "leave-managementPetar", "leave-managementPetar\leave-managementPetar.csproj", "{9EDFF979-4561-4185-98B7-6739F7B475B7}"
EndProject
Global
	GlobalSection(SolutionConfigurationPlatforms) = preSolution
		Debug|Any CPU = Debug|Any CPU
		Release|Any CPU = Release|Any CPU
	EndGlobalSection
	GlobalSection(ProjectConfigurationPlatforms) = postSolution
		{9EDFF979-4561-4185-98B7-6739F7B475B7}.Debug|Any CPU.ActiveCfg = Debug|Any CPU
		{9EDFF979-4561-4185-98B7-6739F7B475B7}.Debug|Any CPU.Build.0 = Debug|Any CPU
		{9EDFF979-4561-4185-98B7-6739F7B475B7}.Release|Any CPU.ActiveCfg = Release|Any CPU
		{9EDFF979-4561-4185-98B7-6739F7B475B7}.Release|Any CPU.Build.0 = Release|Any CPU
	EndGlobalSection
	GlobalSection(SolutionProperties) = preSolution
		HideSolutionNode = FALSE
	EndGlobalSection
	GlobalSection(ExtensibilityGlobals) = postSolution
		SolutionGuid = {696D8147-B5E2-45DD-8F8F-BA3883B18989}
	EndGlobalSection
EndGlobal
